{
  "requires": true,
  "lockfileVersion": 1,
  "dependencies": {
    "@ionic/pwa-elements": {
      "version": "1.5.1",
      "resolved": "https://registry.npmjs.org/@ionic/pwa-elements/-/pwa-elements-1.5.1.tgz",
      "integrity": "sha512-mz95UN+5CFVYqnMX7WpkM5vyuK3nlIFleOH2yST5plbVrMiuIlBQrrveKPlAqb9YZc1lerQGSPSD1S3fm2ZlGA=="
    }
  }
}
